
Microsoft Visual Studio Solution File, Format Version 12.00
# Visual Studio Version 17
VisualStudioVersion = 17.3.32819.101
MinimumVisualStudioVersion = 10.0.40219.1
Project("{FAE04EC0-301F-11D3-BF4B-00C04F79EFBC}") = "Pokemon3DSVCPatch", "Pokemon3DSVCPatch.csproj", "{C71C77F8-2820-45F2-B2B0-1A78CB53B43B}"
EndProject
Global
	GlobalSection(SolutionConfigurationPlatforms) = preSolution
		Debug|Any CPU = Debug|Any CPU
		Release|Any CPU = Release|Any CPU
	EndGlobalSection
	GlobalSection(ProjectConfigurationPlatforms) = postSolution
		{C71C77F8-2820-45F2-B2B0-1A78CB53B43B}.Debug|Any CPU.ActiveCfg = Debug|Any CPU
		{C71C77F8-2820-45F2-B2B0-1A78CB53B43B}.Debug|Any CPU.Build.0 = Debug|Any CPU
		{C71C77F8-2820-45F2-B2B0-1A78CB53B43B}.Release|Any CPU.ActiveCfg = Release|Any CPU
		{C71C77F8-2820-45F2-B2B0-1A78CB53B43B}.Release|Any CPU.Build.0 = Release|Any CPU
	EndGlobalSection
	GlobalSection(SolutionProperties) = preSolution
		HideSolutionNode = FALSE
	EndGlobalSection
	GlobalSection(ExtensibilityGlobals) = postSolution
		SolutionGuid = {F03F0E64-010F-4E6F-9FCC-CAF856AB4C11}
	EndGlobalSection
EndGlobal
